schema: '2.0'
stages:
  prepare:
    cmd: echo "Verificando que los datos existen..."
    deps:
    - path: data/iris_dataset.csv
      hash: md5
      md5: 2149eacb2c0f6e9058099de28a163ef1
      size: 2831
  train:
    cmd: python train.py --n_estimators 300
    deps:
    - path: data/iris_dataset.csv
      hash: md5
      md5: 2149eacb2c0f6e9058099de28a163ef1
      size: 2831
    - path: requirements.txt
      hash: md5
      md5: 01337f9646c24ed1fdbe9910b756a476
      size: 143
    - path: train.py
      hash: md5
      md5: a09cd44515154311d38c8bda8bed3e6b
      size: 3003
    params:
      params.yaml:
        train.n_estimators: 300
    outs:
    - path: confusion_matrix.png
      hash: md5
      md5: 976e91fbc128b18bc9313881e186bcf1
      size: 20724
    - path: mlflow_metrics.json
      hash: md5
      md5: c23a4b845cfcb729bc77225aaa6b5134
      size: 32
    - path: model.pkl
      hash: md5
      md5: 5ea10708173a24e2a6f8fbb0a68e9a92
      size: 526177
