schema: '2.0'
stages:
  prepare:
    cmd: echo "Verificando que los datos existen..."
    deps:
    - path: data/iris_dataset.csv
      hash: md5
      md5: 4d301abed5efe50eccda350cde38e0eb
      size: 2777
  train:
    cmd: python train.py --n_estimators 200
    deps:
    - path: data/iris_dataset.csv
      hash: md5
      md5: 4d301abed5efe50eccda350cde38e0eb
      size: 2777
    - path: requirements.txt
      hash: md5
      md5: dc3421d09943b720dfdbc4080f00fb4d
      size: 142
    - path: train.py
      hash: md5
      md5: a09cd44515154311d38c8bda8bed3e6b
      size: 3003
    params:
      params.yaml:
        train.n_estimators: 200
    outs:
    - path: confusion_matrix.png
      hash: md5
      md5: 22bf211e5f7cfaed3b3c4a6c867e9757
      size: 22339
    - path: mlflow_metrics.json
      hash: md5
      md5: 9a0379eaa11dd7b9e9995a62a5f21656
      size: 17
    - path: model.pkl
      hash: md5
      md5: 05c5bd72df5107cba3bee5204bbd5ac4
      size: 370097
